
Microsoft Visual Studio Solution File, Format Version 12.00
# Visual Studio Version 17
VisualStudioVersion = 17.8.34525.116
MinimumVisualStudioVersion = 10.0.40219.1
Project("{9A19103F-16F7-4668-BE54-9A1E7A4F7556}") = "GrpcService", "GrpcService\GrpcService.csproj", "{BF1D2FDF-0D74-420C-AD89-30AA4C47069A}"
EndProject
Project("{FAE04EC0-301F-11D3-BF4B-00C04F79EFBC}") = "GrpcClient", "GrpcClient\GrpcClient.csproj", "{CAC0AF01-5D39-4AF3-BDAA-45B463FB9511}"
EndProject
Global
	GlobalSection(SolutionConfigurationPlatforms) = preSolution
		Debug|Any CPU = Debug|Any CPU
		Release|Any CPU = Release|Any CPU
	EndGlobalSection
	GlobalSection(ProjectConfigurationPlatforms) = postSolution
		{BF1D2FDF-0D74-420C-AD89-30AA4C47069A}.Debug|Any CPU.ActiveCfg = Debug|Any CPU
		{BF1D2FDF-0D74-420C-AD89-30AA4C47069A}.Debug|Any CPU.Build.0 = Debug|Any CPU
		{BF1D2FDF-0D74-420C-AD89-30AA4C47069A}.Release|Any CPU.ActiveCfg = Release|Any CPU
		{BF1D2FDF-0D74-420C-AD89-30AA4C47069A}.Release|Any CPU.Build.0 = Release|Any CPU
		{CAC0AF01-5D39-4AF3-BDAA-45B463FB9511}.Debug|Any CPU.ActiveCfg = Debug|Any CPU
		{CAC0AF01-5D39-4AF3-BDAA-45B463FB9511}.Debug|Any CPU.Build.0 = Debug|Any CPU
		{CAC0AF01-5D39-4AF3-BDAA-45B463FB9511}.Release|Any CPU.ActiveCfg = Release|Any CPU
		{CAC0AF01-5D39-4AF3-BDAA-45B463FB9511}.Release|Any CPU.Build.0 = Release|Any CPU
	EndGlobalSection
	GlobalSection(SolutionProperties) = preSolution
		HideSolutionNode = FALSE
	EndGlobalSection
	GlobalSection(ExtensibilityGlobals) = postSolution
		SolutionGuid = {56C1F0E3-9EF0-4662-BAC4-BC1C722AF993}
	EndGlobalSection
EndGlobal
