
Microsoft Visual Studio Solution File, Format Version 12.00
# Visual Studio Version 17
VisualStudioVersion = 17.8.34525.116
MinimumVisualStudioVersion = 10.0.40219.1
Project("{FAE04EC0-301F-11D3-BF4B-00C04F79EFBC}") = "GrpcService", "GrpcService.csproj", "{408DF7D7-0C28-4F62-A75A-9757C71EB8F3}"
EndProject
Global
	GlobalSection(SolutionConfigurationPlatforms) = preSolution
		Debug|Any CPU = Debug|Any CPU
		Release|Any CPU = Release|Any CPU
	EndGlobalSection
	GlobalSection(ProjectConfigurationPlatforms) = postSolution
		{408DF7D7-0C28-4F62-A75A-9757C71EB8F3}.Debug|Any CPU.ActiveCfg = Debug|Any CPU
		{408DF7D7-0C28-4F62-A75A-9757C71EB8F3}.Debug|Any CPU.Build.0 = Debug|Any CPU
		{408DF7D7-0C28-4F62-A75A-9757C71EB8F3}.Release|Any CPU.ActiveCfg = Release|Any CPU
		{408DF7D7-0C28-4F62-A75A-9757C71EB8F3}.Release|Any CPU.Build.0 = Release|Any CPU
	EndGlobalSection
	GlobalSection(SolutionProperties) = preSolution
		HideSolutionNode = FALSE
	EndGlobalSection
	GlobalSection(ExtensibilityGlobals) = postSolution
		SolutionGuid = {56C1F0E3-9EF0-4662-BAC4-BC1C722AF993}
	EndGlobalSection
EndGlobal
